
Microsoft Visual Studio Solution File, Format Version 12.00
# Visual Studio Version 17
VisualStudioVersion = 17.7.34031.279
MinimumVisualStudioVersion = 10.0.40219.1
Project("{FAE04EC0-301F-11D3-BF4B-00C04F79EFBC}") = "dadtkv", "dadtkv\dadtkv.csproj", "{C74D9E09-C55E-45D1-8B9A-377A8ED9BEC6}"
EndProject
Global
	GlobalSection(SolutionConfigurationPlatforms) = preSolution
		Debug|Any CPU = Debug|Any CPU
		Release|Any CPU = Release|Any CPU
	EndGlobalSection
	GlobalSection(ProjectConfigurationPlatforms) = postSolution
		{C74D9E09-C55E-45D1-8B9A-377A8ED9BEC6}.Debug|Any CPU.ActiveCfg = Debug|Any CPU
		{C74D9E09-C55E-45D1-8B9A-377A8ED9BEC6}.Debug|Any CPU.Build.0 = Debug|Any CPU
		{C74D9E09-C55E-45D1-8B9A-377A8ED9BEC6}.Release|Any CPU.ActiveCfg = Release|Any CPU
		{C74D9E09-C55E-45D1-8B9A-377A8ED9BEC6}.Release|Any CPU.Build.0 = Release|Any CPU
	EndGlobalSection
	GlobalSection(SolutionProperties) = preSolution
		HideSolutionNode = FALSE
	EndGlobalSection
	GlobalSection(ExtensibilityGlobals) = postSolution
		SolutionGuid = {ED897907-94DF-4A2C-B1B8-56AE082985AB}
	EndGlobalSection
EndGlobal
